
Microsoft Visual Studio Solution File, Format Version 12.00
# Visual Studio Version 17
VisualStudioVersion = 17.7.34024.191
MinimumVisualStudioVersion = 10.0.40219.1
Project("{9A19103F-16F7-4668-BE54-9A1E7A4F7556}") = "Mastek.API", "Mastek_Test\Mastek.API.csproj", "{FCC90999-40F0-471D-A6AF-A77887A1DEEC}"
EndProject
Project("{9A19103F-16F7-4668-BE54-9A1E7A4F7556}") = "Mastek.Services", "PostCode.Services\Mastek.Services.csproj", "{24C702DC-6C2A-4481-8A1D-FE05B461B414}"
EndProject
Project("{9A19103F-16F7-4668-BE54-9A1E7A4F7556}") = "PostCodeAPI.Services", "PostCodeAPI.Services\PostCodeAPI.Services.csproj", "{A3AFF479-D2FA-4B97-BB7D-48FD34655108}"
EndProject
Project("{9A19103F-16F7-4668-BE54-9A1E7A4F7556}") = "Mastek.Model", "Mastek.Model\Mastek.Model.csproj", "{AD794F22-9018-4AFE-9F98-8A6D3BA0FC5C}"
EndProject
Project("{FAE04EC0-301F-11D3-BF4B-00C04F79EFBC}") = "Tastek_NUnitTest", "Tastek_NUnitTest\Tastek_NUnitTest.csproj", "{99692EFE-77DD-46DF-974C-50F490A99124}"
EndProject
Global
	GlobalSection(SolutionConfigurationPlatforms) = preSolution
		Debug|Any CPU = Debug|Any CPU
		Release|Any CPU = Release|Any CPU
	EndGlobalSection
	GlobalSection(ProjectConfigurationPlatforms) = postSolution
		{FCC90999-40F0-471D-A6AF-A77887A1DEEC}.Debug|Any CPU.ActiveCfg = Debug|Any CPU
		{FCC90999-40F0-471D-A6AF-A77887A1DEEC}.Debug|Any CPU.Build.0 = Debug|Any CPU
		{FCC90999-40F0-471D-A6AF-A77887A1DEEC}.Release|Any CPU.ActiveCfg = Release|Any CPU
		{FCC90999-40F0-471D-A6AF-A77887A1DEEC}.Release|Any CPU.Build.0 = Release|Any CPU
		{24C702DC-6C2A-4481-8A1D-FE05B461B414}.Debug|Any CPU.ActiveCfg = Debug|Any CPU
		{24C702DC-6C2A-4481-8A1D-FE05B461B414}.Debug|Any CPU.Build.0 = Debug|Any CPU
		{24C702DC-6C2A-4481-8A1D-FE05B461B414}.Release|Any CPU.ActiveCfg = Release|Any CPU
		{24C702DC-6C2A-4481-8A1D-FE05B461B414}.Release|Any CPU.Build.0 = Release|Any CPU
		{A3AFF479-D2FA-4B97-BB7D-48FD34655108}.Debug|Any CPU.ActiveCfg = Debug|Any CPU
		{A3AFF479-D2FA-4B97-BB7D-48FD34655108}.Debug|Any CPU.Build.0 = Debug|Any CPU
		{A3AFF479-D2FA-4B97-BB7D-48FD34655108}.Release|Any CPU.ActiveCfg = Release|Any CPU
		{A3AFF479-D2FA-4B97-BB7D-48FD34655108}.Release|Any CPU.Build.0 = Release|Any CPU
		{AD794F22-9018-4AFE-9F98-8A6D3BA0FC5C}.Debug|Any CPU.ActiveCfg = Debug|Any CPU
		{AD794F22-9018-4AFE-9F98-8A6D3BA0FC5C}.Debug|Any CPU.Build.0 = Debug|Any CPU
		{AD794F22-9018-4AFE-9F98-8A6D3BA0FC5C}.Release|Any CPU.ActiveCfg = Release|Any CPU
		{AD794F22-9018-4AFE-9F98-8A6D3BA0FC5C}.Release|Any CPU.Build.0 = Release|Any CPU
		{99692EFE-77DD-46DF-974C-50F490A99124}.Debug|Any CPU.ActiveCfg = Debug|Any CPU
		{99692EFE-77DD-46DF-974C-50F490A99124}.Debug|Any CPU.Build.0 = Debug|Any CPU
		{99692EFE-77DD-46DF-974C-50F490A99124}.Release|Any CPU.ActiveCfg = Release|Any CPU
		{99692EFE-77DD-46DF-974C-50F490A99124}.Release|Any CPU.Build.0 = Release|Any CPU
	EndGlobalSection
	GlobalSection(SolutionProperties) = preSolution
		HideSolutionNode = FALSE
	EndGlobalSection
	GlobalSection(ExtensibilityGlobals) = postSolution
		SolutionGuid = {C07A7E96-9831-4E57-A035-3781F6D79864}
	EndGlobalSection
EndGlobal
